<?xml version="1.0" encoding="utf-8"?>
<Project ToolsVersion="16.0" xmlns="http://schemas.microsoft.com/developer/msbuild/2003">
  <ItemGroup>
    <CustomBuild Include="C:\Users\12045\Desktop\CMakeFiles\16a357132c3c46f5c6657a59a1b3d377\RUN_TESTS_force.rule">
      <Filter>CMake Rules</Filter>
    </CustomBuild>
  </ItemGroup>
  <ItemGroup>
    <Filter Include="CMake Rules">
      <UniqueIdentifier>{D07BFBAD-0EEF-3B9F-8F95-D42FD96F7A7D}</UniqueIdentifier>
    </Filter>
  </ItemGroup>
</Project>
